
Microsoft Visual Studio Solution File, Format Version 12.00
# Visual Studio Version 17
VisualStudioVersion = 17.14.36401.2 d17.14
MinimumVisualStudioVersion = 10.0.40219.1
Project("{FAE04EC0-301F-11D3-BF4B-00C04F79EFBC}") = "Employee_API_JWT", "Employee_API_JWT.csproj", "{4CAFC1A3-AB60-49B4-9392-123600EF34A1}"
EndProject
Global
	GlobalSection(SolutionConfigurationPlatforms) = preSolution
		Debug|Any CPU = Debug|Any CPU
		Release|Any CPU = Release|Any CPU
	EndGlobalSection
	GlobalSection(ProjectConfigurationPlatforms) = postSolution
		{4CAFC1A3-AB60-49B4-9392-123600EF34A1}.Debug|Any CPU.ActiveCfg = Debug|Any CPU
		{4CAFC1A3-AB60-49B4-9392-123600EF34A1}.Debug|Any CPU.Build.0 = Debug|Any CPU
		{4CAFC1A3-AB60-49B4-9392-123600EF34A1}.Release|Any CPU.ActiveCfg = Release|Any CPU
		{4CAFC1A3-AB60-49B4-9392-123600EF34A1}.Release|Any CPU.Build.0 = Release|Any CPU
	EndGlobalSection
	GlobalSection(SolutionProperties) = preSolution
		HideSolutionNode = FALSE
	EndGlobalSection
	GlobalSection(ExtensibilityGlobals) = postSolution
		SolutionGuid = {CAF9452D-B677-4222-AFD9-5A776022541E}
	EndGlobalSection
EndGlobal
